// !$*UTF8*$!
{
	archiveVersion = 1;
	classes = {
	};
	objectVersion = 50;
	objects = {

/* Begin PBXBuildFile section */
		3BA56F44208A643600B9D2D5 /* AppDelegate.m in Sources */ = {isa = PBXBuildFile; fileRef = 3BA56F43208A643600B9D2D5 /* AppDelegate.m */; };
		3BA56F47208A643600B9D2D5 /* ViewController.m in Sources */ = {isa = PBXBuildFile; fileRef = 3BA56F46208A643600B9D2D5 /* ViewController.m */; };
		3BA56F4A208A643600B9D2D5 /* Main.storyboard in Resources */ = {isa = PBXBuildFile; fileRef = 3BA56F48208A643600B9D2D5 /* Main.storyboard */; };
		3BA56F4C208A643A00B9D2D5 /* Assets.xcassets in Resources */ = {isa = PBXBuildFile; fileRef = 3BA56F4B208A643A00B9D2D5 /* Assets.xcassets */; };
		3BA56F4F208A643A00B9D2D5 /* LaunchScreen.storyboard in Resources */ = {isa = PBXBuildFile; fileRef = 3BA56F4D208A643A00B9D2D5 /* LaunchScreen.storyboard */; };
		3BA56F52208A643A00B9D2D5 /* main.m in Sources */ = {isa = PBXBuildFile; fileRef = 3BA56F51208A643A00B9D2D5 /* main.m */; };
		3BA56F5E208A6B7700B9D2D5 /* TopView.m in Sources */ = {isa = PBXBuildFile; fileRef = 3BA56F5D208A6B7700B9D2D5 /* TopView.m */; };
		3BA56F61208A6BD600B9D2D5 /* BottomView.m in Sources */ = {isa = PBXBuildFile; fileRef = 3BA56F60208A6BD600B9D2D5 /* BottomView.m */; };
		3BA56F64208A8C9400B9D2D5 /* LineSegment.m in Sources */ = {isa = PBXBuildFile; fileRef = 3BA56F63208A8C9400B9D2D5 /* LineSegment.m */; };
/* End PBXBuildFile section */

/* Begin PBXFileReference section */
		3BA56F3F208A643600B9D2D5 /* W2D5 Finger Paint.app */ = {isa = PBXFileReference; explicitFileType = wrapper.application; includeInIndex = 0; path = "W2D5 Finger Paint.app"; sourceTree = BUILT_PRODUCTS_DIR; };
		3BA56F42208A643600B9D2D5 /* AppDelegate.h */ = {isa = PBXFileReference; lastKnownFileType = sourcecode.c.h; path = AppDelegate.h; sourceTree = "<group>"; };
		3BA56F43208A643600B9D2D5 /* AppDelegate.m */ = {isa = PBXFileReference; lastKnownFileType = sourcecode.c.objc; path = AppDelegate.m; sourceTree = "<group>"; };
		3BA56F45208A643600B9D2D5 /* ViewController.h */ = {isa = PBXFileReference; lastKnownFileType = sourcecode.c.h; path = ViewController.h; sourceTree = "<group>"; };
		3BA56F46208A643600B9D2D5 /* ViewController.m */ = {isa = PBXFileReference; lastKnownFileType = sourcecode.c.objc; path = ViewController.m; sourceTree = "<group>"; };
		3BA56F49208A643600B9D2D5 /* Base */ = {isa = PBXFileReference; lastKnownFileType = file.storyboard; name = Base; path = Base.lproj/Main.storyboard; sourceTree = "<group>"; };
		3BA56F4B208A643A00B9D2D5 /* Assets.xcassets */ = {isa = PBXFileReference; lastKnownFileType = folder.assetcatalog; path = Assets.xcassets; sourceTree = "<group>"; };
		3BA56F4E208A643A00B9D2D5 /* Base */ = {isa = PBXFileReference; lastKnownFileType = file.storyboard; name = Base; path = Base.lproj/LaunchScreen.storyboard; sourceTree = "<group>"; };
		3BA56F50208A643A00B9D2D5 /* Info.plist */ = {isa = PBXFileReference; lastKnownFileType = text.plist.xml; path = Info.plist; sourceTree = "<group>"; };
		3BA56F51208A643A00B9D2D5 /* main.m */ = {isa = PBXFileReference; lastKnownFileType = sourcecode.c.objc; path = main.m; sourceTree = "<group>"; };
		3BA56F5C208A6B7700B9D2D5 /* TopView.h */ = {isa = PBXFileReference; lastKnownFileType = sourcecode.c.h; path = TopView.h; sourceTree = "<group>"; };
		3BA56F5D208A6B7700B9D2D5 /* TopView.m */ = {isa = PBXFileReference; lastKnownFileType = sourcecode.c.objc; path = TopView.m; sourceTree = "<group>"; };
		3BA56F5F208A6BD600B9D2D5 /* BottomView.h */ = {isa = PBXFileReference; lastKnownFileType = sourcecode.c.h; path = BottomView.h; sourceTree = "<group>"; };
		3BA56F60208A6BD600B9D2D5 /* BottomView.m */ = {isa = PBXFileReference; lastKnownFileType = sourcecode.c.objc; path = BottomView.m; sourceTree = "<group>"; };
		3BA56F62208A8C9400B9D2D5 /* LineSegment.h */ = {isa = PBXFileReference; lastKnownFileType = sourcecode.c.h; path = LineSegment.h; sourceTree = "<group>"; };
		3BA56F63208A8C9400B9D2D5 /* LineSegment.m */ = {isa = PBXFileReference; lastKnownFileType = sourcecode.c.objc; path = LineSegment.m; sourceTree = "<group>"; };
/* End PBXFileReference section */

/* Begin PBXFrameworksBuildPhase section */
		3BA56F3C208A643600B9D2D5 /* Frameworks */ = {
			isa = PBXFrameworksBuildPhase;
			buildActionMask = 2147483647;
			files = (
			);
			runOnlyForDeploymentPostprocessing = 0;
		};
/* End PBXFrameworksBuildPhase section */

/* Begin PBXGroup section */
		3BA56F36208A643600B9D2D5 = {
			isa = PBXGroup;
			children = (
				3BA56F41208A643600B9D2D5 /* W2D5 Finger Paint */,
				3BA56F40208A643600B9D2D5 /* Products */,
			);
			sourceTree = "<group>";
		};
		3BA56F40208A643600B9D2D5 /* Products */ = {
			isa = PBXGroup;
			children = (
				3BA56F3F208A643600B9D2D5 /* W2D5 Finger Paint.app */,
			);
			name = Products;
			sourceTree = "<group>";
		};
		3BA56F41208A643600B9D2D5 /* W2D5 Finger Paint */ = {
			isa = PBXGroup;
			children = (
				3BA56F58208A6A7F00B9D2D5 /* Model */,
				3BA56F59208A6A9700B9D2D5 /* View */,
				3BA56F5A208A6AA100B9D2D5 /* Controller */,
				3BA56F5B208A6AE000B9D2D5 /* Supporting Files */,
			);
			path = "W2D5 Finger Paint";
			sourceTree = "<group>";
		};
		3BA56F58208A6A7F00B9D2D5 /* Model */ = {
			isa = PBXGroup;
			children = (
				3BA56F5C208A6B7700B9D2D5 /* TopView.h */,
				3BA56F5D208A6B7700B9D2D5 /* TopView.m */,
				3BA56F5F208A6BD600B9D2D5 /* BottomView.h */,
				3BA56F60208A6BD600B9D2D5 /* BottomView.m */,
				3BA56F62208A8C9400B9D2D5 /* LineSegment.h */,
				3BA56F63208A8C9400B9D2D5 /* LineSegment.m */,
			);
			name = Model;
			sourceTree = "<group>";
		};
		3BA56F59208A6A9700B9D2D5 /* View */ = {
			isa = PBXGroup;
			children = (
				3BA56F48208A643600B9D2D5 /* Main.storyboard */,
			);
			name = View;
			sourceTree = "<group>";
		};
		3BA56F5A208A6AA100B9D2D5 /* Controller */ = {
			isa = PBXGroup;
			children = (
				3BA56F45208A643600B9D2D5 /* ViewController.h */,
				3BA56F46208A643600B9D2D5 /* ViewController.m */,
			);
			name = Controller;
			sourceTree = "<group>";
		};
		3BA56F5B208A6AE000B9D2D5 /* Supporting Files */ = {
			isa = PBXGroup;
			children = (
				3BA56F43208A643600B9D2D5 /* AppDelegate.m */,
				3BA56F42208A643600B9D2D5 /* AppDelegate.h */,
				3BA56F4B208A643A00B9D2D5 /* Assets.xcassets */,
				3BA56F4D208A643A00B9D2D5 /* LaunchScreen.storyboard */,
				3BA56F50208A643A00B9D2D5 /* Info.plist */,
				3BA56F51208A643A00B9D2D5 /* main.m */,
			);
			name = "Supporting Files";
			sourceTree = "<group>";
		};
/* End PBXGroup section */

/* Begin PBXNativeTarget section */
		3BA56F3E208A643600B9D2D5 /* W2D5 Finger Paint */ = {
			isa = PBXNativeTarget;
			buildConfigurationList = 3BA56F55208A643A00B9D2D5 /* Build configuration list for PBXNativeTarget "W2D5 Finger Paint" */;
			buildPhases = (
				3BA56F3B208A643600B9D2D5 /* Sources */,
				3BA56F3C208A643600B9D2D5 /* Frameworks */,
				3BA56F3D208A643600B9D2D5 /* Resources */,
			);
			buildRules = (
			);
			dependencies = (
			);
			name = "W2D5 Finger Paint";
			productName = "W2D5 Finger Paint";
			productReference = 3BA56F3F208A643600B9D2D5 /* W2D5 Finger Paint.app */;
			productType = "com.apple.product-type.application";
		};
/* End PBXNativeTarget section */

/* Begin PBXProject section */
		3BA56F37208A643600B9D2D5 /* Project object */ = {
			isa = PBXProject;
			attributes = {
				LastUpgradeCheck = 0930;
				ORGANIZATIONNAME = "Colin Russell";
				TargetAttributes = {
					3BA56F3E208A643600B9D2D5 = {
						CreatedOnToolsVersion = 9.3;
					};
				};
			};
			buildConfigurationList = 3BA56F3A208A643600B9D2D5 /* Build configuration list for PBXProject "W2D5 Finger Paint" */;
			compatibilityVersion = "Xcode 9.3";
			developmentRegion = en;
			hasScannedForEncodings = 0;
			knownRegions = (
				en,
				Base,
			);
			mainGroup = 3BA56F36208A643600B9D2D5;
			productRefGroup = 3BA56F40208A643600B9D2D5 /* Products */;
			projectDirPath = "";
			projectRoot = "";
			targets = (
				3BA56F3E208A643600B9D2D5 /* W2D5 Finger Paint */,
			);
		};
/* End PBXProject section */

/* Begin PBXResourcesBuildPhase section */
		3BA56F3D208A643600B9D2D5 /* Resources */ = {
			isa = PBXResourcesBuildPhase;
			buildActionMask = 2147483647;
			files = (
				3BA56F4F208A643A00B9D2D5 /* LaunchScreen.storyboard in Resources */,
				3BA56F4C208A643A00B9D2D5 /* Assets.xcassets in Resources */,
				3BA56F4A208A643600B9D2D5 /* Main.storyboard in Resources */,
			);
			runOnlyForDeploymentPostprocessing = 0;
		};
/* End PBXResourcesBuildPhase section */

/* Begin PBXSourcesBuildPhase section */
		3BA56F3B208A643600B9D2D5 /* Sources */ = {
			isa = PBXSourcesBuildPhase;
			buildActionMask = 2147483647;
			files = (
				3BA56F47208A643600B9D2D5 /* ViewController.m in Sources */,
				3BA56F64208A8C9400B9D2D5 /* LineSegment.m in Sources */,
				3BA56F52208A643A00B9D2D5 /* main.m in Sources */,
				3BA56F5E208A6B7700B9D2D5 /* TopView.m in Sources */,
				3BA56F61208A6BD600B9D2D5 /* BottomView.m in Sources */,
				3BA56F44208A643600B9D2D5 /* AppDelegate.m in Sources */,
			);
			runOnlyForDeploymentPostprocessing = 0;
		};
/* End PBXSourcesBuildPhase section */

/* Begin PBXVariantGroup section */
		3BA56F48208A643600B9D2D5 /* Main.storyboard */ = {
			isa = PBXVariantGroup;
			children = (
				3BA56F49208A643600B9D2D5 /* Base */,
			);
			name = Main.storyboard;
			sourceTree = "<group>";
		};
		3BA56F4D208A643A00B9D2D5 /* LaunchScreen.storyboard */ = {
			isa = PBXVariantGroup;
			children = (
				3BA56F4E208A643A00B9D2D5 /* Base */,
			);
			name = LaunchScreen.storyboard;
			sourceTree = "<group>";
		};
/* End PBXVariantGroup section */

/* Begin XCBuildConfiguration section */
		3BA56F53208A643A00B9D2D5 /* Debug */ = {
			isa = XCBuildConfiguration;
			buildSettings = {
				ALWAYS_SEARCH_USER_PATHS = NO;
				CLANG_ANALYZER_NONNULL = YES;
				CLANG_ANALYZER_NUMBER_OBJECT_CONVERSION = YES_AGGRESSIVE;
				CLANG_CXX_LANGUAGE_STANDARD = "gnu++14";
				CLANG_CXX_LIBRARY = "libc++";
				CLANG_ENABLE_MODULES = YES;
				CLANG_ENABLE_OBJC_ARC = YES;
				CLANG_ENABLE_OBJC_WEAK = YES;
				CLANG_WARN_BLOCK_CAPTURE_AUTORELEASING = YES;
				CLANG_WARN_BOOL_CONVERSION = YES;
				CLANG_WARN_COMMA = YES;
				CLANG_WARN_CONSTANT_CONVERSION = YES;
				CLANG_WARN_DEPRECATED_OBJC_IMPLEMENTATIONS = YES;
				CLANG_WARN_DIRECT_OBJC_ISA_USAGE = YES_ERROR;
				CLANG_WARN_DOCUMENTATION_COMMENTS = YES;
				CLANG_WARN_EMPTY_BODY = YES;
				CLANG_WARN_ENUM_CONVERSION = YES;
				CLANG_WARN_INFINITE_RECURSION = YES;
				CLANG_WARN_INT_CONVERSION = YES;
				CLANG_WARN_NON_LITERAL_NULL_CONVERSION = YES;
				CLANG_WARN_OBJC_IMPLICIT_RETAIN_SELF = YES;
				CLANG_WARN_OBJC_LITERAL_CONVERSION = YES;
				CLANG_WARN_OBJC_ROOT_CLASS = YES_ERROR;
				CLANG_WARN_RANGE_LOOP_ANALYSIS = YES;
				CLANG_WARN_STRICT_PROTOTYPES = YES;
				CLANG_WARN_SUSPICIOUS_MOVE = YES;
				CLANG_WARN_UNGUARDED_AVAILABILITY = YES_AGGRESSIVE;
				CLANG_WARN_UNREACHABLE_CODE = YES;
				CLANG_WARN__DUPLICATE_METHOD_MATCH = YES;
				CODE_SIGN_IDENTITY = "iPhone Developer";
				COPY_PHASE_STRIP = NO;
				DEBUG_INFORMATION_FORMAT = dwarf;
				ENABLE_STRICT_OBJC_MSGSEND = YES;
				ENABLE_TESTABILITY = YES;
				GCC_C_LANGUAGE_STANDARD = gnu11;
				GCC_DYNAMIC_NO_PIC = NO;
				GCC_NO_COMMON_BLOCKS = YES;
				GCC_OPTIMIZATION_LEVEL = 0;
				GCC_PREPROCESSOR_DEFINITIONS = (
					"DEBUG=1",
					"$(inherited)",
				);
				GCC_WARN_64_TO_32_BIT_CONVERSION = YES;
				GCC_WARN_ABOUT_RETURN_TYPE = YES_ERROR;
				GCC_WARN_UNDECLARED_SELECTOR = YES;
				GCC_WARN_UNINITIALIZED_AUTOS = YES_AGGRESSIVE;
				GCC_WARN_UNUSED_FUNCTION = YES;
				GCC_WARN_UNUSED_VARIABLE = YES;
				IPHONEOS_DEPLOYMENT_TARGET = 11.3;
				MTL_ENABLE_DEBUG_INFO = YES;
				ONLY_ACTIVE_ARCH = YES;
				SDKROOT = iphoneos;
			};
			name = Debug;
		};
		3BA56F54208A643A00B9D2D5 /* Release */ = {
			isa = XCBuildConfiguration;
			buildSettings = {
				ALWAYS_SEARCH_USER_PATHS = NO;
				CLANG_ANALYZER_NONNULL = YES;
				CLANG_ANALYZER_NUMBER_OBJECT_CONVERSION = YES_AGGRESSIVE;
				CLANG_CXX_LANGUAGE_STANDARD = "gnu++14";
				CLANG_CXX_LIBRARY = "libc++";
				CLANG_ENABLE_MODULES = YES;
				CLANG_ENABLE_OBJC_ARC = YES;
				CLANG_ENABLE_OBJC_WEAK = YES;
				CLANG_WARN_BLOCK_CAPTURE_AUTORELEASING = YES;
				CLANG_WARN_BOOL_CONVERSION = YES;
				CLANG_WARN_COMMA = YES;
				CLANG_WARN_CONSTANT_CONVERSION = YES;
				CLANG_WARN_DEPRECATED_OBJC_IMPLEMENTATIONS = YES;
				CLANG_WARN_DIRECT_OBJC_ISA_USAGE = YES_ERROR;
				CLANG_WARN_DOCUMENTATION_COMMENTS = YES;
				CLANG_WARN_EMPTY_BODY = YES;
				CLANG_WARN_ENUM_CONVERSION = YES;
				CLANG_WARN_INFINITE_RECURSION = YES;
				CLANG_WARN_INT_CONVERSION = YES;
				CLANG_WARN_NON_LITERAL_NULL_CONVERSION = YES;
				CLANG_WARN_OBJC_IMPLICIT_RETAIN_SELF = YES;
				CLANG_WARN_OBJC_LITERAL_CONVERSION = YES;
				CLANG_WARN_OBJC_ROOT_CLASS = YES_ERROR;
				CLANG_WARN_RANGE_LOOP_ANALYSIS = YES;
				CLANG_WARN_STRICT_PROTOTYPES = YES;
				CLANG_WARN_SUSPICIOUS_MOVE = YES;
				CLANG_WARN_UNGUARDED_AVAILABILITY = YES_AGGRESSIVE;
				CLANG_WARN_UNREACHABLE_CODE = YES;
				CLANG_WARN__DUPLICATE_METHOD_MATCH = YES;
				CODE_SIGN_IDENTITY = "iPhone Developer";
				COPY_PHASE_STRIP = NO;
				DEBUG_INFORMATION_FORMAT = "dwarf-with-dsym";
				ENABLE_NS_ASSERTIONS = NO;
				ENABLE_STRICT_OBJC_MSGSEND = YES;
				GCC_C_LANGUAGE_STANDARD = gnu11;
				GCC_NO_COMMON_BLOCKS = YES;
				GCC_WARN_64_TO_32_BIT_CONVERSION = YES;
				GCC_WARN_ABOUT_RETURN_TYPE = YES_ERROR;
				GCC_WARN_UNDECLARED_SELECTOR = YES;
				GCC_WARN_UNINITIALIZED_AUTOS = YES_AGGRESSIVE;
				GCC_WARN_UNUSED_FUNCTION = YES;
				GCC_WARN_UNUSED_VARIABLE = YES;
				IPHONEOS_DEPLOYMENT_TARGET = 11.3;
				MTL_ENABLE_DEBUG_INFO = NO;
				SDKROOT = iphoneos;
				VALIDATE_PRODUCT = YES;
			};
			name = Release;
		};
		3BA56F56208A643A00B9D2D5 /* Debug */ = {
			isa = XCBuildConfiguration;
			buildSettings = {
				ASSETCATALOG_COMPILER_APPICON_NAME = AppIcon;
				CODE_SIGN_STYLE = Automatic;
				DEVELOPMENT_TEAM = 84BM2BTTA9;
				INFOPLIST_FILE = "W2D5 Finger Paint/Info.plist";
				LD_RUNPATH_SEARCH_PATHS = (
					"$(inherited)",
					"@executable_path/Frameworks",
				);
				PRODUCT_BUNDLE_IDENTIFIER = "com.colinrussell.W2D5-Finger-Paint";
				PRODUCT_NAME = "$(TARGET_NAME)";
				TARGETED_DEVICE_FAMILY = "1,2";
			};
			name = Debug;
		};
		3BA56F57208A643A00B9D2D5 /* Release */ = {
			isa = XCBuildConfiguration;
			buildSettings = {
				ASSETCATALOG_COMPILER_APPICON_NAME = AppIcon;
				CODE_SIGN_STYLE = Automatic;
				DEVELOPMENT_TEAM = 84BM2BTTA9;
				INFOPLIST_FILE = "W2D5 Finger Paint/Info.plist";
				LD_RUNPATH_SEARCH_PATHS = (
					"$(inherited)",
					"@executable_path/Frameworks",
				);
				PRODUCT_BUNDLE_IDENTIFIER = "com.colinrussell.W2D5-Finger-Paint";
				PRODUCT_NAME = "$(TARGET_NAME)";
				TARGETED_DEVICE_FAMILY = "1,2";
			};
			name = Release;
		};
/* End XCBuildConfiguration section */

/* Begin XCConfigurationList section */
		3BA56F3A208A643600B9D2D5 /* Build configuration list for PBXProject "W2D5 Finger Paint" */ = {
			isa = XCConfigurationList;
			buildConfigurations = (
				3BA56F53208A643A00B9D2D5 /* Debug */,
				3BA56F54208A643A00B9D2D5 /* Release */,
			);
			defaultConfigurationIsVisible = 0;
			defaultConfigurationName = Release;
		};
		3BA56F55208A643A00B9D2D5 /* Build configuration list for PBXNativeTarget "W2D5 Finger Paint" */ = {
			isa = XCConfigurationList;
			buildConfigurations = (
				3BA56F56208A643A00B9D2D5 /* Debug */,
				3BA56F57208A643A00B9D2D5 /* Release */,
			);
			defaultConfigurationIsVisible = 0;
			defaultConfigurationName = Release;
		};
/* End XCConfigurationList section */
	};
	rootObject = 3BA56F37208A643600B9D2D5 /* Project object */;
}
